
Microsoft Visual Studio Solution File, Format Version 12.00
# Visual Studio 15
Project("{FAE04EC0-301F-11D3-BF4B-00C04F79EFBC}") = "ExcelConsoleApp", "ExcelConsoleApp\ExcelConsoleApp.csproj", "{2BA9D0AE-CA09-4BEB-91B9-0EF69D69BACC}"
EndProject
Global
	GlobalSection(SolutionConfigurationPlatforms) = preSolution
		Debug|Any CPU = Debug|Any CPU
		Release|Any CPU = Release|Any CPU
	EndGlobalSection
	GlobalSection(ProjectConfigurationPlatforms) = postSolution
		{2BA9D0AE-CA09-4BEB-91B9-0EF69D69BACC}.Debug|Any CPU.ActiveCfg = Debug|Any CPU
		{2BA9D0AE-CA09-4BEB-91B9-0EF69D69BACC}.Debug|Any CPU.Build.0 = Debug|Any CPU
		{2BA9D0AE-CA09-4BEB-91B9-0EF69D69BACC}.Release|Any CPU.ActiveCfg = Release|Any CPU
		{2BA9D0AE-CA09-4BEB-91B9-0EF69D69BACC}.Release|Any CPU.Build.0 = Release|Any CPU
	EndGlobalSection
EndGlobal
