
Microsoft Visual Studio Solution File, Format Version 12.00
# Visual Studio 15
Project("{FAE04EC0-301F-11D3-BF4B-00C04F79EFBC}") = "assignment1", "assignment1\assignment1.csproj", "{BC8B7498-281E-488A-85E0-193457D6B12B}"
EndProject
Global
	GlobalSection(SolutionConfigurationPlatforms) = preSolution
		Debug|Any CPU = Debug|Any CPU
		Release|Any CPU = Release|Any CPU
	EndGlobalSection
	GlobalSection(ProjectConfigurationPlatforms) = postSolution
		{BC8B7498-281E-488A-85E0-193457D6B12B}.Debug|Any CPU.ActiveCfg = Debug|Any CPU
		{BC8B7498-281E-488A-85E0-193457D6B12B}.Debug|Any CPU.Build.0 = Debug|Any CPU
		{BC8B7498-281E-488A-85E0-193457D6B12B}.Release|Any CPU.ActiveCfg = Release|Any CPU
		{BC8B7498-281E-488A-85E0-193457D6B12B}.Release|Any CPU.Build.0 = Release|Any CPU
	EndGlobalSection
EndGlobal
