
Microsoft Visual Studio Solution File, Format Version 12.00
# Visual Studio 15
Project("{FAE04EC0-301F-11D3-BF4B-00C04F79EFBC}") = "a18", "a18\a18.csproj", "{8A143C9E-D565-4094-9D04-EDDB461C784C}"
EndProject
Global
	GlobalSection(SolutionConfigurationPlatforms) = preSolution
		Debug|Any CPU = Debug|Any CPU
		Release|Any CPU = Release|Any CPU
	EndGlobalSection
	GlobalSection(ProjectConfigurationPlatforms) = postSolution
		{8A143C9E-D565-4094-9D04-EDDB461C784C}.Debug|Any CPU.ActiveCfg = Debug|Any CPU
		{8A143C9E-D565-4094-9D04-EDDB461C784C}.Debug|Any CPU.Build.0 = Debug|Any CPU
		{8A143C9E-D565-4094-9D04-EDDB461C784C}.Release|Any CPU.ActiveCfg = Release|Any CPU
		{8A143C9E-D565-4094-9D04-EDDB461C784C}.Release|Any CPU.Build.0 = Release|Any CPU
	EndGlobalSection
EndGlobal
