
Microsoft Visual Studio Solution File, Format Version 12.00
# Visual Studio 15
Project("{FAE04EC0-301F-11D3-BF4B-00C04F79EFBC}") = "a14", "a14\a14.csproj", "{6C25A92B-AC26-4F93-9C4F-4F70D6547355}"
EndProject
Global
	GlobalSection(SolutionConfigurationPlatforms) = preSolution
		Debug|Any CPU = Debug|Any CPU
		Release|Any CPU = Release|Any CPU
	EndGlobalSection
	GlobalSection(ProjectConfigurationPlatforms) = postSolution
		{6C25A92B-AC26-4F93-9C4F-4F70D6547355}.Debug|Any CPU.ActiveCfg = Debug|Any CPU
		{6C25A92B-AC26-4F93-9C4F-4F70D6547355}.Debug|Any CPU.Build.0 = Debug|Any CPU
		{6C25A92B-AC26-4F93-9C4F-4F70D6547355}.Release|Any CPU.ActiveCfg = Release|Any CPU
		{6C25A92B-AC26-4F93-9C4F-4F70D6547355}.Release|Any CPU.Build.0 = Release|Any CPU
	EndGlobalSection
EndGlobal
